// !$*UTF8*$!
{
	archiveVersion = 1;
	classes = {
	};
	objectVersion = 48;
	objects = {

/* Begin PBXBuildFile section */
		3AEA3A91712BC1A9313402C0 /* Pods_MyTraveNote.framework in Frameworks */ = {isa = PBXBuildFile; fileRef = 53637E0D726AF30C7398274E /* Pods_MyTraveNote.framework */; };
		745371F5AE06CD8C800EEE1E /* Pods_MyTraveNoteTests.framework in Frameworks */ = {isa = PBXBuildFile; fileRef = AE5974341BD237712E62ADF9 /* Pods_MyTraveNoteTests.framework */; };
		7D44465D2007FC9900DA3AA2 /* AppDelegate.swift in Sources */ = {isa = PBXBuildFile; fileRef = 7D44465C2007FC9900DA3AA2 /* AppDelegate.swift */; };
		7D44465F2007FC9900DA3AA2 /* ViewController.swift in Sources */ = {isa = PBXBuildFile; fileRef = 7D44465E2007FC9900DA3AA2 /* ViewController.swift */; };
		7D4446622007FC9900DA3AA2 /* Main.storyboard in Resources */ = {isa = PBXBuildFile; fileRef = 7D4446602007FC9900DA3AA2 /* Main.storyboard */; };
		7D4446652007FC9900DA3AA2 /* MyTraveNote.xcdatamodeld in Sources */ = {isa = PBXBuildFile; fileRef = 7D4446632007FC9900DA3AA2 /* MyTraveNote.xcdatamodeld */; };
		7D4446672007FC9900DA3AA2 /* Assets.xcassets in Resources */ = {isa = PBXBuildFile; fileRef = 7D4446662007FC9900DA3AA2 /* Assets.xcassets */; };
		7D44466A2007FC9900DA3AA2 /* LaunchScreen.storyboard in Resources */ = {isa = PBXBuildFile; fileRef = 7D4446682007FC9900DA3AA2 /* LaunchScreen.storyboard */; };
		7D4446752007FC9A00DA3AA2 /* MyTraveNoteTests.swift in Sources */ = {isa = PBXBuildFile; fileRef = 7D4446742007FC9A00DA3AA2 /* MyTraveNoteTests.swift */; };
		7D4446802007FC9A00DA3AA2 /* MyTraveNoteUITests.swift in Sources */ = {isa = PBXBuildFile; fileRef = 7D44467F2007FC9A00DA3AA2 /* MyTraveNoteUITests.swift */; };
		7D5609D32009602300DEE61A /* GoogleService-Info.plist in Resources */ = {isa = PBXBuildFile; fileRef = 7D5609D22009602300DEE61A /* GoogleService-Info.plist */; };
		7DFFB378202B11B00013D7FA /* listViewController.swift in Sources */ = {isa = PBXBuildFile; fileRef = 7DFFB377202B11B00013D7FA /* listViewController.swift */; };
		7DFFB37A202B12110013D7FA /* createViewController.swift in Sources */ = {isa = PBXBuildFile; fileRef = 7DFFB379202B12110013D7FA /* createViewController.swift */; };
		7DFFB37C202B3CDC0013D7FA /* mapViewController.swift in Sources */ = {isa = PBXBuildFile; fileRef = 7DFFB37B202B3CDC0013D7FA /* mapViewController.swift */; };
		CA0BD9623DA9A3CF3DC36DFD /* Pods_MyTraveNoteUITests.framework in Frameworks */ = {isa = PBXBuildFile; fileRef = 405684DD01711E1FD8240142 /* Pods_MyTraveNoteUITests.framework */; };
/* End PBXBuildFile section */

/* Begin PBXContainerItemProxy section */
		7D4446712007FC9A00DA3AA2 /* PBXContainerItemProxy */ = {
			isa = PBXContainerItemProxy;
			containerPortal = 7D4446512007FC9900DA3AA2 /* Project object */;
			proxyType = 1;
			remoteGlobalIDString = 7D4446582007FC9900DA3AA2;
			remoteInfo = MyTraveNote;
		};
		7D44467C2007FC9A00DA3AA2 /* PBXContainerItemProxy */ = {
			isa = PBXContainerItemProxy;
			containerPortal = 7D4446512007FC9900DA3AA2 /* Project object */;
			proxyType = 1;
			remoteGlobalIDString = 7D4446582007FC9900DA3AA2;
			remoteInfo = MyTraveNote;
		};
/* End PBXContainerItemProxy section */

/* Begin PBXFileReference section */
		36AA1CECBDF963B1477B34D7 /* Pods-MyTraveNoteTests.debug.xcconfig */ = {isa = PBXFileReference; includeInIndex = 1; lastKnownFileType = text.xcconfig; name = "Pods-MyTraveNoteTests.debug.xcconfig"; path = "Pods/Target Support Files/Pods-MyTraveNoteTests/Pods-MyTraveNoteTests.debug.xcconfig"; sourceTree = "<group>"; };
		3F747061DFE7FC5555F4D4E7 /* Pods-MyTraveNoteUITests.release.xcconfig */ = {isa = PBXFileReference; includeInIndex = 1; lastKnownFileType = text.xcconfig; name = "Pods-MyTraveNoteUITests.release.xcconfig"; path = "Pods/Target Support Files/Pods-MyTraveNoteUITests/Pods-MyTraveNoteUITests.release.xcconfig"; sourceTree = "<group>"; };
		405684DD01711E1FD8240142 /* Pods_MyTraveNoteUITests.framework */ = {isa = PBXFileReference; explicitFileType = wrapper.framework; includeInIndex = 0; path = Pods_MyTraveNoteUITests.framework; sourceTree = BUILT_PRODUCTS_DIR; };
		53637E0D726AF30C7398274E /* Pods_MyTraveNote.framework */ = {isa = PBXFileReference; explicitFileType = wrapper.framework; includeInIndex = 0; path = Pods_MyTraveNote.framework; sourceTree = BUILT_PRODUCTS_DIR; };
		696FA2DDC27F17F0E41C0171 /* Pods-MyTraveNote.debug.xcconfig */ = {isa = PBXFileReference; includeInIndex = 1; lastKnownFileType = text.xcconfig; name = "Pods-MyTraveNote.debug.xcconfig"; path = "Pods/Target Support Files/Pods-MyTraveNote/Pods-MyTraveNote.debug.xcconfig"; sourceTree = "<group>"; };
		7D4446592007FC9900DA3AA2 /* MyTraveNote.app */ = {isa = PBXFileReference; explicitFileType = wrapper.application; includeInIndex = 0; path = MyTraveNote.app; sourceTree = BUILT_PRODUCTS_DIR; };
		7D44465C2007FC9900DA3AA2 /* AppDelegate.swift */ = {isa = PBXFileReference; lastKnownFileType = sourcecode.swift; path = AppDelegate.swift; sourceTree = "<group>"; };
		7D44465E2007FC9900DA3AA2 /* ViewController.swift */ = {isa = PBXFileReference; lastKnownFileType = sourcecode.swift; path = ViewController.swift; sourceTree = "<group>"; };
		7D4446612007FC9900DA3AA2 /* Base */ = {isa = PBXFileReference; lastKnownFileType = file.storyboard; name = Base; path = Base.lproj/Main.storyboard; sourceTree = "<group>"; };
		7D4446642007FC9900DA3AA2 /* MyTraveNote.xcdatamodel */ = {isa = PBXFileReference; lastKnownFileType = wrapper.xcdatamodel; path = MyTraveNote.xcdatamodel; sourceTree = "<group>"; };
		7D4446662007FC9900DA3AA2 /* Assets.xcassets */ = {isa = PBXFileReference; lastKnownFileType = folder.assetcatalog; path = Assets.xcassets; sourceTree = "<group>"; };
		7D4446692007FC9900DA3AA2 /* Base */ = {isa = PBXFileReference; lastKnownFileType = file.storyboard; name = Base; path = Base.lproj/LaunchScreen.storyboard; sourceTree = "<group>"; };
		7D44466B2007FC9900DA3AA2 /* Info.plist */ = {isa = PBXFileReference; lastKnownFileType = text.plist.xml; path = Info.plist; sourceTree = "<group>"; };
		7D4446702007FC9A00DA3AA2 /* MyTraveNoteTests.xctest */ = {isa = PBXFileReference; explicitFileType = wrapper.cfbundle; includeInIndex = 0; path = MyTraveNoteTests.xctest; sourceTree = BUILT_PRODUCTS_DIR; };
		7D4446742007FC9A00DA3AA2 /* MyTraveNoteTests.swift */ = {isa = PBXFileReference; lastKnownFileType = sourcecode.swift; path = MyTraveNoteTests.swift; sourceTree = "<group>"; };
		7D4446762007FC9A00DA3AA2 /* Info.plist */ = {isa = PBXFileReference; lastKnownFileType = text.plist.xml; path = Info.plist; sourceTree = "<group>"; };
		7D44467B2007FC9A00DA3AA2 /* MyTraveNoteUITests.xctest */ = {isa = PBXFileReference; explicitFileType = wrapper.cfbundle; includeInIndex = 0; path = MyTraveNoteUITests.xctest; sourceTree = BUILT_PRODUCTS_DIR; };
		7D44467F2007FC9A00DA3AA2 /* MyTraveNoteUITests.swift */ = {isa = PBXFileReference; lastKnownFileType = sourcecode.swift; path = MyTraveNoteUITests.swift; sourceTree = "<group>"; };
		7D4446812007FC9A00DA3AA2 /* Info.plist */ = {isa = PBXFileReference; lastKnownFileType = text.plist.xml; path = Info.plist; sourceTree = "<group>"; };
		7D5609D22009602300DEE61A /* GoogleService-Info.plist */ = {isa = PBXFileReference; fileEncoding = 4; lastKnownFileType = text.plist.xml; path = "GoogleService-Info.plist"; sourceTree = "<group>"; };
		7DFFB377202B11B00013D7FA /* listViewController.swift */ = {isa = PBXFileReference; lastKnownFileType = sourcecode.swift; path = listViewController.swift; sourceTree = "<group>"; };
		7DFFB379202B12110013D7FA /* createViewController.swift */ = {isa = PBXFileReference; lastKnownFileType = sourcecode.swift; path = createViewController.swift; sourceTree = "<group>"; };
		7DFFB37B202B3CDC0013D7FA /* mapViewController.swift */ = {isa = PBXFileReference; lastKnownFileType = sourcecode.swift; path = mapViewController.swift; sourceTree = "<group>"; };
		AE5974341BD237712E62ADF9 /* Pods_MyTraveNoteTests.framework */ = {isa = PBXFileReference; explicitFileType = wrapper.framework; includeInIndex = 0; path = Pods_MyTraveNoteTests.framework; sourceTree = BUILT_PRODUCTS_DIR; };
		D816601B6125F612851D9754 /* Pods-MyTraveNote.release.xcconfig */ = {isa = PBXFileReference; includeInIndex = 1; lastKnownFileType = text.xcconfig; name = "Pods-MyTraveNote.release.xcconfig"; path = "Pods/Target Support Files/Pods-MyTraveNote/Pods-MyTraveNote.release.xcconfig"; sourceTree = "<group>"; };
		E4634CB439022DDE08DB3214 /* Pods-MyTraveNoteUITests.debug.xcconfig */ = {isa = PBXFileReference; includeInIndex = 1; lastKnownFileType = text.xcconfig; name = "Pods-MyTraveNoteUITests.debug.xcconfig"; path = "Pods/Target Support Files/Pods-MyTraveNoteUITests/Pods-MyTraveNoteUITests.debug.xcconfig"; sourceTree = "<group>"; };
		EE034225D9B369C8A7D201A8 /* Pods-MyTraveNoteTests.release.xcconfig */ = {isa = PBXFileReference; includeInIndex = 1; lastKnownFileType = text.xcconfig; name = "Pods-MyTraveNoteTests.release.xcconfig"; path = "Pods/Target Support Files/Pods-MyTraveNoteTests/Pods-MyTraveNoteTests.release.xcconfig"; sourceTree = "<group>"; };
/* End PBXFileReference section */

/* Begin PBXFrameworksBuildPhase section */
		7D4446562007FC9900DA3AA2 /* Frameworks */ = {
			isa = PBXFrameworksBuildPhase;
			buildActionMask = 2147483647;
			files = (
				3AEA3A91712BC1A9313402C0 /* Pods_MyTraveNote.framework in Frameworks */,
			);
			runOnlyForDeploymentPostprocessing = 0;
		};
		7D44466D2007FC9A00DA3AA2 /* Frameworks */ = {
			isa = PBXFrameworksBuildPhase;
			buildActionMask = 2147483647;
			files = (
				745371F5AE06CD8C800EEE1E /* Pods_MyTraveNoteTests.framework in Frameworks */,
			);
			runOnlyForDeploymentPostprocessing = 0;
		};
		7D4446782007FC9A00DA3AA2 /* Frameworks */ = {
			isa = PBXFrameworksBuildPhase;
			buildActionMask = 2147483647;
			files = (
				CA0BD9623DA9A3CF3DC36DFD /* Pods_MyTraveNoteUITests.framework in Frameworks */,
			);
			runOnlyForDeploymentPostprocessing = 0;
		};
/* End PBXFrameworksBuildPhase section */

/* Begin PBXGroup section */
		476ADDE3F05D1CAC384D8D8C /* Pods */ = {
			isa = PBXGroup;
			children = (
				696FA2DDC27F17F0E41C0171 /* Pods-MyTraveNote.debug.xcconfig */,
				D816601B6125F612851D9754 /* Pods-MyTraveNote.release.xcconfig */,
				36AA1CECBDF963B1477B34D7 /* Pods-MyTraveNoteTests.debug.xcconfig */,
				EE034225D9B369C8A7D201A8 /* Pods-MyTraveNoteTests.release.xcconfig */,
				E4634CB439022DDE08DB3214 /* Pods-MyTraveNoteUITests.debug.xcconfig */,
				3F747061DFE7FC5555F4D4E7 /* Pods-MyTraveNoteUITests.release.xcconfig */,
			);
			name = Pods;
			sourceTree = "<group>";
		};
		7D4446502007FC9900DA3AA2 = {
			isa = PBXGroup;
			children = (
				7D44465B2007FC9900DA3AA2 /* MyTraveNote */,
				7D4446732007FC9A00DA3AA2 /* MyTraveNoteTests */,
				7D44467E2007FC9A00DA3AA2 /* MyTraveNoteUITests */,
				7D44465A2007FC9900DA3AA2 /* Products */,
				476ADDE3F05D1CAC384D8D8C /* Pods */,
				89A1A7E784F7935B316845A1 /* Frameworks */,
			);
			sourceTree = "<group>";
		};
		7D44465A2007FC9900DA3AA2 /* Products */ = {
			isa = PBXGroup;
			children = (
				7D4446592007FC9900DA3AA2 /* MyTraveNote.app */,
				7D4446702007FC9A00DA3AA2 /* MyTraveNoteTests.xctest */,
				7D44467B2007FC9A00DA3AA2 /* MyTraveNoteUITests.xctest */,
			);
			name = Products;
			sourceTree = "<group>";
		};
		7D44465B2007FC9900DA3AA2 /* MyTraveNote */ = {
			isa = PBXGroup;
			children = (
				7D44465C2007FC9900DA3AA2 /* AppDelegate.swift */,
				7D44465E2007FC9900DA3AA2 /* ViewController.swift */,
				7D4446602007FC9900DA3AA2 /* Main.storyboard */,
				7D4446662007FC9900DA3AA2 /* Assets.xcassets */,
				7D4446682007FC9900DA3AA2 /* LaunchScreen.storyboard */,
				7D44466B2007FC9900DA3AA2 /* Info.plist */,
				7D5609D22009602300DEE61A /* GoogleService-Info.plist */,
				7D4446632007FC9900DA3AA2 /* MyTraveNote.xcdatamodeld */,
				7DFFB377202B11B00013D7FA /* listViewController.swift */,
				7DFFB379202B12110013D7FA /* createViewController.swift */,
				7DFFB37B202B3CDC0013D7FA /* mapViewController.swift */,
			);
			path = MyTraveNote;
			sourceTree = "<group>";
		};
		7D4446732007FC9A00DA3AA2 /* MyTraveNoteTests */ = {
			isa = PBXGroup;
			children = (
				7D4446742007FC9A00DA3AA2 /* MyTraveNoteTests.swift */,
				7D4446762007FC9A00DA3AA2 /* Info.plist */,
			);
			path = MyTraveNoteTests;
			sourceTree = "<group>";
		};
		7D44467E2007FC9A00DA3AA2 /* MyTraveNoteUITests */ = {
			isa = PBXGroup;
			children = (
				7D44467F2007FC9A00DA3AA2 /* MyTraveNoteUITests.swift */,
				7D4446812007FC9A00DA3AA2 /* Info.plist */,
			);
			path = MyTraveNoteUITests;
			sourceTree = "<group>";
		};
		89A1A7E784F7935B316845A1 /* Frameworks */ = {
			isa = PBXGroup;
			children = (
				53637E0D726AF30C7398274E /* Pods_MyTraveNote.framework */,
				AE5974341BD237712E62ADF9 /* Pods_MyTraveNoteTests.framework */,
				405684DD01711E1FD8240142 /* Pods_MyTraveNoteUITests.framework */,
			);
			name = Frameworks;
			sourceTree = "<group>";
		};
/* End PBXGroup section */

/* Begin PBXNativeTarget section */
		7D4446582007FC9900DA3AA2 /* MyTraveNote */ = {
			isa = PBXNativeTarget;
			buildConfigurationList = 7D4446842007FC9A00DA3AA2 /* Build configuration list for PBXNativeTarget "MyTraveNote" */;
			buildPhases = (
				22175702CE2F8125C09A83E1 /* [CP] Check Pods Manifest.lock */,
				7D4446552007FC9900DA3AA2 /* Sources */,
				7D4446562007FC9900DA3AA2 /* Frameworks */,
				7D4446572007FC9900DA3AA2 /* Resources */,
				69332BA1250A869F9F285EFE /* [CP] Embed Pods Frameworks */,
				F5C2EEE7E027FF2E3E20716B /* [CP] Copy Pods Resources */,
			);
			buildRules = (
			);
			dependencies = (
			);
			name = MyTraveNote;
			productName = MyTraveNote;
			productReference = 7D4446592007FC9900DA3AA2 /* MyTraveNote.app */;
			productType = "com.apple.product-type.application";
		};
		7D44466F2007FC9A00DA3AA2 /* MyTraveNoteTests */ = {
			isa = PBXNativeTarget;
			buildConfigurationList = 7D4446872007FC9A00DA3AA2 /* Build configuration list for PBXNativeTarget "MyTraveNoteTests" */;
			buildPhases = (
				041D83044C8F219986662ADC /* [CP] Check Pods Manifest.lock */,
				7D44466C2007FC9A00DA3AA2 /* Sources */,
				7D44466D2007FC9A00DA3AA2 /* Frameworks */,
				7D44466E2007FC9A00DA3AA2 /* Resources */,
				CE1BE18520537B5D1302D57D /* [CP] Embed Pods Frameworks */,
				D6DC759D9AFC235120CC0751 /* [CP] Copy Pods Resources */,
			);
			buildRules = (
			);
			dependencies = (
				7D4446722007FC9A00DA3AA2 /* PBXTargetDependency */,
			);
			name = MyTraveNoteTests;
			productName = MyTraveNoteTests;
			productReference = 7D4446702007FC9A00DA3AA2 /* MyTraveNoteTests.xctest */;
			productType = "com.apple.product-type.bundle.unit-test";
		};
		7D44467A2007FC9A00DA3AA2 /* MyTraveNoteUITests */ = {
			isa = PBXNativeTarget;
			buildConfigurationList = 7D44468A2007FC9A00DA3AA2 /* Build configuration list for PBXNativeTarget "MyTraveNoteUITests" */;
			buildPhases = (
				49070820C7B683EE47ED66E0 /* [CP] Check Pods Manifest.lock */,
				7D4446772007FC9A00DA3AA2 /* Sources */,
				7D4446782007FC9A00DA3AA2 /* Frameworks */,
				7D4446792007FC9A00DA3AA2 /* Resources */,
				E83FBED20E4E084EC237ED7B /* [CP] Embed Pods Frameworks */,
				170229CEE38275C223A4A4FD /* [CP] Copy Pods Resources */,
			);
			buildRules = (
			);
			dependencies = (
				7D44467D2007FC9A00DA3AA2 /* PBXTargetDependency */,
			);
			name = MyTraveNoteUITests;
			productName = MyTraveNoteUITests;
			productReference = 7D44467B2007FC9A00DA3AA2 /* MyTraveNoteUITests.xctest */;
			productType = "com.apple.product-type.bundle.ui-testing";
		};
/* End PBXNativeTarget section */

/* Begin PBXProject section */
		7D4446512007FC9900DA3AA2 /* Project object */ = {
			isa = PBXProject;
			attributes = {
				LastSwiftUpdateCheck = 0920;
				LastUpgradeCheck = 0920;
				ORGANIZATIONNAME = user134225;
				TargetAttributes = {
					7D4446582007FC9900DA3AA2 = {
						CreatedOnToolsVersion = 9.2;
						ProvisioningStyle = Automatic;
					};
					7D44466F2007FC9A00DA3AA2 = {
						CreatedOnToolsVersion = 9.2;
						ProvisioningStyle = Automatic;
						TestTargetID = 7D4446582007FC9900DA3AA2;
					};
					7D44467A2007FC9A00DA3AA2 = {
						CreatedOnToolsVersion = 9.2;
						ProvisioningStyle = Automatic;
						TestTargetID = 7D4446582007FC9900DA3AA2;
					};
				};
			};
			buildConfigurationList = 7D4446542007FC9900DA3AA2 /* Build configuration list for PBXProject "MyTraveNote" */;
			compatibilityVersion = "Xcode 8.0";
			developmentRegion = en;
			hasScannedForEncodings = 0;
			knownRegions = (
				en,
				Base,
			);
			mainGroup = 7D4446502007FC9900DA3AA2;
			productRefGroup = 7D44465A2007FC9900DA3AA2 /* Products */;
			projectDirPath = "";
			projectRoot = "";
			targets = (
				7D4446582007FC9900DA3AA2 /* MyTraveNote */,
				7D44466F2007FC9A00DA3AA2 /* MyTraveNoteTests */,
				7D44467A2007FC9A00DA3AA2 /* MyTraveNoteUITests */,
			);
		};
/* End PBXProject section */

/* Begin PBXResourcesBuildPhase section */
		7D4446572007FC9900DA3AA2 /* Resources */ = {
			isa = PBXResourcesBuildPhase;
			buildActionMask = 2147483647;
			files = (
				7D44466A2007FC9900DA3AA2 /* LaunchScreen.storyboard in Resources */,
				7D5609D32009602300DEE61A /* GoogleService-Info.plist in Resources */,
				7D4446672007FC9900DA3AA2 /* Assets.xcassets in Resources */,
				7D4446622007FC9900DA3AA2 /* Main.storyboard in Resources */,
			);
			runOnlyForDeploymentPostprocessing = 0;
		};
		7D44466E2007FC9A00DA3AA2 /* Resources */ = {
			isa = PBXResourcesBuildPhase;
			buildActionMask = 2147483647;
			files = (
			);
			runOnlyForDeploymentPostprocessing = 0;
		};
		7D4446792007FC9A00DA3AA2 /* Resources */ = {
			isa = PBXResourcesBuildPhase;
			buildActionMask = 2147483647;
			files = (
			);
			runOnlyForDeploymentPostprocessing = 0;
		};
/* End PBXResourcesBuildPhase section */

/* Begin PBXShellScriptBuildPhase section */
		041D83044C8F219986662ADC /* [CP] Check Pods Manifest.lock */ = {
			isa = PBXShellScriptBuildPhase;
			buildActionMask = 2147483647;
			files = (
			);
			inputPaths = (
			);
			name = "[CP] Check Pods Manifest.lock";
			outputPaths = (
			);
			runOnlyForDeploymentPostprocessing = 0;
			shellPath = /bin/sh;
			shellScript = "diff \"${PODS_PODFILE_DIR_PATH}/Podfile.lock\" \"${PODS_ROOT}/Manifest.lock\" > /dev/null\nif [ $? != 0 ] ; then\n    # print error to STDERR\n    echo \"error: The sandbox is not in sync with the Podfile.lock. Run 'pod install' or update your CocoaPods installation.\" >&2\n    exit 1\nfi\n";
			showEnvVarsInLog = 0;
		};
		170229CEE38275C223A4A4FD /* [CP] Copy Pods Resources */ = {
			isa = PBXShellScriptBuildPhase;
			buildActionMask = 2147483647;
			files = (
			);
			inputPaths = (
			);
			name = "[CP] Copy Pods Resources";
			outputPaths = (
			);
			runOnlyForDeploymentPostprocessing = 0;
			shellPath = /bin/sh;
			shellScript = "\"${SRCROOT}/Pods/Target Support Files/Pods-MyTraveNoteUITests/Pods-MyTraveNoteUITests-resources.sh\"\n";
			showEnvVarsInLog = 0;
		};
		22175702CE2F8125C09A83E1 /* [CP] Check Pods Manifest.lock */ = {
			isa = PBXShellScriptBuildPhase;
			buildActionMask = 2147483647;
			files = (
			);
			inputPaths = (
			);
			name = "[CP] Check Pods Manifest.lock";
			outputPaths = (
			);
			runOnlyForDeploymentPostprocessing = 0;
			shellPath = /bin/sh;
			shellScript = "diff \"${PODS_PODFILE_DIR_PATH}/Podfile.lock\" \"${PODS_ROOT}/Manifest.lock\" > /dev/null\nif [ $? != 0 ] ; then\n    # print error to STDERR\n    echo \"error: The sandbox is not in sync with the Podfile.lock. Run 'pod install' or update your CocoaPods installation.\" >&2\n    exit 1\nfi\n";
			showEnvVarsInLog = 0;
		};
		49070820C7B683EE47ED66E0 /* [CP] Check Pods Manifest.lock */ = {
			isa = PBXShellScriptBuildPhase;
			buildActionMask = 2147483647;
			files = (
			);
			inputPaths = (
			);
			name = "[CP] Check Pods Manifest.lock";
			outputPaths = (
			);
			runOnlyForDeploymentPostprocessing = 0;
			shellPath = /bin/sh;
			shellScript = "diff \"${PODS_PODFILE_DIR_PATH}/Podfile.lock\" \"${PODS_ROOT}/Manifest.lock\" > /dev/null\nif [ $? != 0 ] ; then\n    # print error to STDERR\n    echo \"error: The sandbox is not in sync with the Podfile.lock. Run 'pod install' or update your CocoaPods installation.\" >&2\n    exit 1\nfi\n";
			showEnvVarsInLog = 0;
		};
		69332BA1250A869F9F285EFE /* [CP] Embed Pods Frameworks */ = {
			isa = PBXShellScriptBuildPhase;
			buildActionMask = 2147483647;
			files = (
			);
			inputPaths = (
			);
			name = "[CP] Embed Pods Frameworks";
			outputPaths = (
			);
			runOnlyForDeploymentPostprocessing = 0;
			shellPath = /bin/sh;
			shellScript = "\"${SRCROOT}/Pods/Target Support Files/Pods-MyTraveNote/Pods-MyTraveNote-frameworks.sh\"\n";
			showEnvVarsInLog = 0;
		};
		CE1BE18520537B5D1302D57D /* [CP] Embed Pods Frameworks */ = {
			isa = PBXShellScriptBuildPhase;
			buildActionMask = 2147483647;
			files = (
			);
			inputPaths = (
			);
			name = "[CP] Embed Pods Frameworks";
			outputPaths = (
			);
			runOnlyForDeploymentPostprocessing = 0;
			shellPath = /bin/sh;
			shellScript = "\"${SRCROOT}/Pods/Target Support Files/Pods-MyTraveNoteTests/Pods-MyTraveNoteTests-frameworks.sh\"\n";
			showEnvVarsInLog = 0;
		};
		D6DC759D9AFC235120CC0751 /* [CP] Copy Pods Resources */ = {
			isa = PBXShellScriptBuildPhase;
			buildActionMask = 2147483647;
			files = (
			);
			inputPaths = (
			);
			name = "[CP] Copy Pods Resources";
			outputPaths = (
			);
			runOnlyForDeploymentPostprocessing = 0;
			shellPath = /bin/sh;
			shellScript = "\"${SRCROOT}/Pods/Target Support Files/Pods-MyTraveNoteTests/Pods-MyTraveNoteTests-resources.sh\"\n";
			showEnvVarsInLog = 0;
		};
		E83FBED20E4E084EC237ED7B /* [CP] Embed Pods Frameworks */ = {
			isa = PBXShellScriptBuildPhase;
			buildActionMask = 2147483647;
			files = (
			);
			inputPaths = (
			);
			name = "[CP] Embed Pods Frameworks";
			outputPaths = (
			);
			runOnlyForDeploymentPostprocessing = 0;
			shellPath = /bin/sh;
			shellScript = "\"${SRCROOT}/Pods/Target Support Files/Pods-MyTraveNoteUITests/Pods-MyTraveNoteUITests-frameworks.sh\"\n";
			showEnvVarsInLog = 0;
		};
		F5C2EEE7E027FF2E3E20716B /* [CP] Copy Pods Resources */ = {
			isa = PBXShellScriptBuildPhase;
			buildActionMask = 2147483647;
			files = (
			);
			inputPaths = (
			);
			name = "[CP] Copy Pods Resources";
			outputPaths = (
			);
			runOnlyForDeploymentPostprocessing = 0;
			shellPath = /bin/sh;
			shellScript = "\"${SRCROOT}/Pods/Target Support Files/Pods-MyTraveNote/Pods-MyTraveNote-resources.sh\"\n";
			showEnvVarsInLog = 0;
		};
/* End PBXShellScriptBuildPhase section */

/* Begin PBXSourcesBuildPhase section */
		7D4446552007FC9900DA3AA2 /* Sources */ = {
			isa = PBXSourcesBuildPhase;
			buildActionMask = 2147483647;
			files = (
				7D44465F2007FC9900DA3AA2 /* ViewController.swift in Sources */,
				7DFFB37A202B12110013D7FA /* createViewController.swift in Sources */,
				7D4446652007FC9900DA3AA2 /* MyTraveNote.xcdatamodeld in Sources */,
				7DFFB37C202B3CDC0013D7FA /* mapViewController.swift in Sources */,
				7DFFB378202B11B00013D7FA /* listViewController.swift in Sources */,
				7D44465D2007FC9900DA3AA2 /* AppDelegate.swift in Sources */,
			);
			runOnlyForDeploymentPostprocessing = 0;
		};
		7D44466C2007FC9A00DA3AA2 /* Sources */ = {
			isa = PBXSourcesBuildPhase;
			buildActionMask = 2147483647;
			files = (
				7D4446752007FC9A00DA3AA2 /* MyTraveNoteTests.swift in Sources */,
			);
			runOnlyForDeploymentPostprocessing = 0;
		};
		7D4446772007FC9A00DA3AA2 /* Sources */ = {
			isa = PBXSourcesBuildPhase;
			buildActionMask = 2147483647;
			files = (
				7D4446802007FC9A00DA3AA2 /* MyTraveNoteUITests.swift in Sources */,
			);
			runOnlyForDeploymentPostprocessing = 0;
		};
/* End PBXSourcesBuildPhase section */

/* Begin PBXTargetDependency section */
		7D4446722007FC9A00DA3AA2 /* PBXTargetDependency */ = {
			isa = PBXTargetDependency;
			target = 7D4446582007FC9900DA3AA2 /* MyTraveNote */;
			targetProxy = 7D4446712007FC9A00DA3AA2 /* PBXContainerItemProxy */;
		};
		7D44467D2007FC9A00DA3AA2 /* PBXTargetDependency */ = {
			isa = PBXTargetDependency;
			target = 7D4446582007FC9900DA3AA2 /* MyTraveNote */;
			targetProxy = 7D44467C2007FC9A00DA3AA2 /* PBXContainerItemProxy */;
		};
/* End PBXTargetDependency section */

/* Begin PBXVariantGroup section */
		7D4446602007FC9900DA3AA2 /* Main.storyboard */ = {
			isa = PBXVariantGroup;
			children = (
				7D4446612007FC9900DA3AA2 /* Base */,
			);
			name = Main.storyboard;
			sourceTree = "<group>";
		};
		7D4446682007FC9900DA3AA2 /* LaunchScreen.storyboard */ = {
			isa = PBXVariantGroup;
			children = (
				7D4446692007FC9900DA3AA2 /* Base */,
			);
			name = LaunchScreen.storyboard;
			sourceTree = "<group>";
		};
/* End PBXVariantGroup section */

/* Begin XCBuildConfiguration section */
		7D4446822007FC9A00DA3AA2 /* Debug */ = {
			isa = XCBuildConfiguration;
			buildSettings = {
				ALWAYS_SEARCH_USER_PATHS = NO;
				CLANG_ANALYZER_NONNULL = YES;
				CLANG_ANALYZER_NUMBER_OBJECT_CONVERSION = YES_AGGRESSIVE;
				CLANG_CXX_LANGUAGE_STANDARD = "gnu++14";
				CLANG_CXX_LIBRARY = "libc++";
				CLANG_ENABLE_MODULES = YES;
				CLANG_ENABLE_OBJC_ARC = YES;
				CLANG_WARN_BLOCK_CAPTURE_AUTORELEASING = YES;
				CLANG_WARN_BOOL_CONVERSION = YES;
				CLANG_WARN_COMMA = YES;
				CLANG_WARN_CONSTANT_CONVERSION = YES;
				CLANG_WARN_DIRECT_OBJC_ISA_USAGE = YES_ERROR;
				CLANG_WARN_DOCUMENTATION_COMMENTS = YES;
				CLANG_WARN_EMPTY_BODY = YES;
				CLANG_WARN_ENUM_CONVERSION = YES;
				CLANG_WARN_INFINITE_RECURSION = YES;
				CLANG_WARN_INT_CONVERSION = YES;
				CLANG_WARN_NON_LITERAL_NULL_CONVERSION = YES;
				CLANG_WARN_OBJC_LITERAL_CONVERSION = YES;
				CLANG_WARN_OBJC_ROOT_CLASS = YES_ERROR;
				CLANG_WARN_RANGE_LOOP_ANALYSIS = YES;
				CLANG_WARN_STRICT_PROTOTYPES = YES;
				CLANG_WARN_SUSPICIOUS_MOVE = YES;
				CLANG_WARN_UNGUARDED_AVAILABILITY = YES_AGGRESSIVE;
				CLANG_WARN_UNREACHABLE_CODE = YES;
				CLANG_WARN__DUPLICATE_METHOD_MATCH = YES;
				CODE_SIGN_IDENTITY = "iPhone Developer";
				COPY_PHASE_STRIP = NO;
				DEBUG_INFORMATION_FORMAT = dwarf;
				ENABLE_STRICT_OBJC_MSGSEND = YES;
				ENABLE_TESTABILITY = YES;
				GCC_C_LANGUAGE_STANDARD = gnu11;
				GCC_DYNAMIC_NO_PIC = NO;
				GCC_NO_COMMON_BLOCKS = YES;
				GCC_OPTIMIZATION_LEVEL = 0;
				GCC_PREPROCESSOR_DEFINITIONS = (
					"DEBUG=1",
					"$(inherited)",
				);
				GCC_WARN_64_TO_32_BIT_CONVERSION = YES;
				GCC_WARN_ABOUT_RETURN_TYPE = YES_ERROR;
				GCC_WARN_UNDECLARED_SELECTOR = YES;
				GCC_WARN_UNINITIALIZED_AUTOS = YES_AGGRESSIVE;
				GCC_WARN_UNUSED_FUNCTION = YES;
				GCC_WARN_UNUSED_VARIABLE = YES;
				IPHONEOS_DEPLOYMENT_TARGET = 11.2;
				MTL_ENABLE_DEBUG_INFO = YES;
				ONLY_ACTIVE_ARCH = YES;
				SDKROOT = iphoneos;
				SWIFT_ACTIVE_COMPILATION_CONDITIONS = DEBUG;
				SWIFT_OPTIMIZATION_LEVEL = "-Onone";
			};
			name = Debug;
		};
		7D4446832007FC9A00DA3AA2 /* Release */ = {
			isa = XCBuildConfiguration;
			buildSettings = {
				ALWAYS_SEARCH_USER_PATHS = NO;
				CLANG_ANALYZER_NONNULL = YES;
				CLANG_ANALYZER_NUMBER_OBJECT_CONVERSION = YES_AGGRESSIVE;
				CLANG_CXX_LANGUAGE_STANDARD = "gnu++14";
				CLANG_CXX_LIBRARY = "libc++";
				CLANG_ENABLE_MODULES = YES;
				CLANG_ENABLE_OBJC_ARC = YES;
				CLANG_WARN_BLOCK_CAPTURE_AUTORELEASING = YES;
				CLANG_WARN_BOOL_CONVERSION = YES;
				CLANG_WARN_COMMA = YES;
				CLANG_WARN_CONSTANT_CONVERSION = YES;
				CLANG_WARN_DIRECT_OBJC_ISA_USAGE = YES_ERROR;
				CLANG_WARN_DOCUMENTATION_COMMENTS = YES;
				CLANG_WARN_EMPTY_BODY = YES;
				CLANG_WARN_ENUM_CONVERSION = YES;
				CLANG_WARN_INFINITE_RECURSION = YES;
				CLANG_WARN_INT_CONVERSION = YES;
				CLANG_WARN_NON_LITERAL_NULL_CONVERSION = YES;
				CLANG_WARN_OBJC_LITERAL_CONVERSION = YES;
				CLANG_WARN_OBJC_ROOT_CLASS = YES_ERROR;
				CLANG_WARN_RANGE_LOOP_ANALYSIS = YES;
				CLANG_WARN_STRICT_PROTOTYPES = YES;
				CLANG_WARN_SUSPICIOUS_MOVE = YES;
				CLANG_WARN_UNGUARDED_AVAILABILITY = YES_AGGRESSIVE;
				CLANG_WARN_UNREACHABLE_CODE = YES;
				CLANG_WARN__DUPLICATE_METHOD_MATCH = YES;
				CODE_SIGN_IDENTITY = "iPhone Developer";
				COPY_PHASE_STRIP = NO;
				DEBUG_INFORMATION_FORMAT = "dwarf-with-dsym";
				ENABLE_NS_ASSERTIONS = NO;
				ENABLE_STRICT_OBJC_MSGSEND = YES;
				GCC_C_LANGUAGE_STANDARD = gnu11;
				GCC_NO_COMMON_BLOCKS = YES;
				GCC_WARN_64_TO_32_BIT_CONVERSION = YES;
				GCC_WARN_ABOUT_RETURN_TYPE = YES_ERROR;
				GCC_WARN_UNDECLARED_SELECTOR = YES;
				GCC_WARN_UNINITIALIZED_AUTOS = YES_AGGRESSIVE;
				GCC_WARN_UNUSED_FUNCTION = YES;
				GCC_WARN_UNUSED_VARIABLE = YES;
				IPHONEOS_DEPLOYMENT_TARGET = 11.2;
				MTL_ENABLE_DEBUG_INFO = NO;
				SDKROOT = iphoneos;
				SWIFT_OPTIMIZATION_LEVEL = "-Owholemodule";
				VALIDATE_PRODUCT = YES;
			};
			name = Release;
		};
		7D4446852007FC9A00DA3AA2 /* Debug */ = {
			isa = XCBuildConfiguration;
			baseConfigurationReference = 696FA2DDC27F17F0E41C0171 /* Pods-MyTraveNote.debug.xcconfig */;
			buildSettings = {
				ASSETCATALOG_COMPILER_APPICON_NAME = AppIcon;
				CODE_SIGN_STYLE = Automatic;
				INFOPLIST_FILE = MyTraveNote/Info.plist;
				LD_RUNPATH_SEARCH_PATHS = "$(inherited) @executable_path/Frameworks";
				PRODUCT_BUNDLE_IDENTIFIER = KB.MyTraveNote;
				PRODUCT_NAME = "$(TARGET_NAME)";
				SWIFT_VERSION = 4.0;
				TARGETED_DEVICE_FAMILY = "1,2";
			};
			name = Debug;
		};
		7D4446862007FC9A00DA3AA2 /* Release */ = {
			isa = XCBuildConfiguration;
			baseConfigurationReference = D816601B6125F612851D9754 /* Pods-MyTraveNote.release.xcconfig */;
			buildSettings = {
				ASSETCATALOG_COMPILER_APPICON_NAME = AppIcon;
				CODE_SIGN_STYLE = Automatic;
				INFOPLIST_FILE = MyTraveNote/Info.plist;
				LD_RUNPATH_SEARCH_PATHS = "$(inherited) @executable_path/Frameworks";
				PRODUCT_BUNDLE_IDENTIFIER = KB.MyTraveNote;
				PRODUCT_NAME = "$(TARGET_NAME)";
				SWIFT_VERSION = 4.0;
				TARGETED_DEVICE_FAMILY = "1,2";
			};
			name = Release;
		};
		7D4446882007FC9A00DA3AA2 /* Debug */ = {
			isa = XCBuildConfiguration;
			baseConfigurationReference = 36AA1CECBDF963B1477B34D7 /* Pods-MyTraveNoteTests.debug.xcconfig */;
			buildSettings = {
				ALWAYS_EMBED_SWIFT_STANDARD_LIBRARIES = YES;
				BUNDLE_LOADER = "$(TEST_HOST)";
				CODE_SIGN_STYLE = Automatic;
				INFOPLIST_FILE = MyTraveNoteTests/Info.plist;
				LD_RUNPATH_SEARCH_PATHS = "$(inherited) @executable_path/Frameworks @loader_path/Frameworks";
				PRODUCT_BUNDLE_IDENTIFIER = KB.MyTraveNoteTests;
				PRODUCT_NAME = "$(TARGET_NAME)";
				SWIFT_VERSION = 4.0;
				TARGETED_DEVICE_FAMILY = "1,2";
				TEST_HOST = "$(BUILT_PRODUCTS_DIR)/MyTraveNote.app/MyTraveNote";
			};
			name = Debug;
		};
		7D4446892007FC9A00DA3AA2 /* Release */ = {
			isa = XCBuildConfiguration;
			baseConfigurationReference = EE034225D9B369C8A7D201A8 /* Pods-MyTraveNoteTests.release.xcconfig */;
			buildSettings = {
				ALWAYS_EMBED_SWIFT_STANDARD_LIBRARIES = YES;
				BUNDLE_LOADER = "$(TEST_HOST)";
				CODE_SIGN_STYLE = Automatic;
				INFOPLIST_FILE = MyTraveNoteTests/Info.plist;
				LD_RUNPATH_SEARCH_PATHS = "$(inherited) @executable_path/Frameworks @loader_path/Frameworks";
				PRODUCT_BUNDLE_IDENTIFIER = KB.MyTraveNoteTests;
				PRODUCT_NAME = "$(TARGET_NAME)";
				SWIFT_VERSION = 4.0;
				TARGETED_DEVICE_FAMILY = "1,2";
				TEST_HOST = "$(BUILT_PRODUCTS_DIR)/MyTraveNote.app/MyTraveNote";
			};
			name = Release;
		};
		7D44468B2007FC9A00DA3AA2 /* Debug */ = {
			isa = XCBuildConfiguration;
			baseConfigurationReference = E4634CB439022DDE08DB3214 /* Pods-MyTraveNoteUITests.debug.xcconfig */;
			buildSettings = {
				ALWAYS_EMBED_SWIFT_STANDARD_LIBRARIES = YES;
				CODE_SIGN_STYLE = Automatic;
				INFOPLIST_FILE = MyTraveNoteUITests/Info.plist;
				LD_RUNPATH_SEARCH_PATHS = "$(inherited) @executable_path/Frameworks @loader_path/Frameworks";
				PRODUCT_BUNDLE_IDENTIFIER = KB.MyTraveNoteUITests;
				PRODUCT_NAME = "$(TARGET_NAME)";
				SWIFT_VERSION = 4.0;
				TARGETED_DEVICE_FAMILY = "1,2";
				TEST_TARGET_NAME = MyTraveNote;
			};
			name = Debug;
		};
		7D44468C2007FC9A00DA3AA2 /* Release */ = {
			isa = XCBuildConfiguration;
			baseConfigurationReference = 3F747061DFE7FC5555F4D4E7 /* Pods-MyTraveNoteUITests.release.xcconfig */;
			buildSettings = {
				ALWAYS_EMBED_SWIFT_STANDARD_LIBRARIES = YES;
				CODE_SIGN_STYLE = Automatic;
				INFOPLIST_FILE = MyTraveNoteUITests/Info.plist;
				LD_RUNPATH_SEARCH_PATHS = "$(inherited) @executable_path/Frameworks @loader_path/Frameworks";
				PRODUCT_BUNDLE_IDENTIFIER = KB.MyTraveNoteUITests;
				PRODUCT_NAME = "$(TARGET_NAME)";
				SWIFT_VERSION = 4.0;
				TARGETED_DEVICE_FAMILY = "1,2";
				TEST_TARGET_NAME = MyTraveNote;
			};
			name = Release;
		};
/* End XCBuildConfiguration section */

/* Begin XCConfigurationList section */
		7D4446542007FC9900DA3AA2 /* Build configuration list for PBXProject "MyTraveNote" */ = {
			isa = XCConfigurationList;
			buildConfigurations = (
				7D4446822007FC9A00DA3AA2 /* Debug */,
				7D4446832007FC9A00DA3AA2 /* Release */,
			);
			defaultConfigurationIsVisible = 0;
			defaultConfigurationName = Release;
		};
		7D4446842007FC9A00DA3AA2 /* Build configuration list for PBXNativeTarget "MyTraveNote" */ = {
			isa = XCConfigurationList;
			buildConfigurations = (
				7D4446852007FC9A00DA3AA2 /* Debug */,
				7D4446862007FC9A00DA3AA2 /* Release */,
			);
			defaultConfigurationIsVisible = 0;
			defaultConfigurationName = Release;
		};
		7D4446872007FC9A00DA3AA2 /* Build configuration list for PBXNativeTarget "MyTraveNoteTests" */ = {
			isa = XCConfigurationList;
			buildConfigurations = (
				7D4446882007FC9A00DA3AA2 /* Debug */,
				7D4446892007FC9A00DA3AA2 /* Release */,
			);
			defaultConfigurationIsVisible = 0;
			defaultConfigurationName = Release;
		};
		7D44468A2007FC9A00DA3AA2 /* Build configuration list for PBXNativeTarget "MyTraveNoteUITests" */ = {
			isa = XCConfigurationList;
			buildConfigurations = (
				7D44468B2007FC9A00DA3AA2 /* Debug */,
				7D44468C2007FC9A00DA3AA2 /* Release */,
			);
			defaultConfigurationIsVisible = 0;
			defaultConfigurationName = Release;
		};
/* End XCConfigurationList section */

/* Begin XCVersionGroup section */
		7D4446632007FC9900DA3AA2 /* MyTraveNote.xcdatamodeld */ = {
			isa = XCVersionGroup;
			children = (
				7D4446642007FC9900DA3AA2 /* MyTraveNote.xcdatamodel */,
			);
			currentVersion = 7D4446642007FC9900DA3AA2 /* MyTraveNote.xcdatamodel */;
			path = MyTraveNote.xcdatamodeld;
			sourceTree = "<group>";
			versionGroupType = wrapper.xcdatamodel;
		};
/* End XCVersionGroup section */
	};
	rootObject = 7D4446512007FC9900DA3AA2 /* Project object */;
}
